
Microsoft Visual Studio Solution File, Format Version 12.00
# Visual Studio 15
VisualStudioVersion = 15.0.28010.2050
MinimumVisualStudioVersion = 10.0.40219.1
Project("{FAE04EC0-301F-11D3-BF4B-00C04F79EFBC}") = "ElectronicShop", "ElectronicShop\ElectronicShop.csproj", "{22D2DA12-FD52-40CF-BB2F-631CB65B1468}"
EndProject
Global
	GlobalSection(SolutionConfigurationPlatforms) = preSolution
		Debug|Any CPU = Debug|Any CPU
		Release|Any CPU = Release|Any CPU
	EndGlobalSection
	GlobalSection(ProjectConfigurationPlatforms) = postSolution
		{22D2DA12-FD52-40CF-BB2F-631CB65B1468}.Debug|Any CPU.ActiveCfg = Debug|Any CPU
		{22D2DA12-FD52-40CF-BB2F-631CB65B1468}.Debug|Any CPU.Build.0 = Debug|Any CPU
		{22D2DA12-FD52-40CF-BB2F-631CB65B1468}.Release|Any CPU.ActiveCfg = Release|Any CPU
		{22D2DA12-FD52-40CF-BB2F-631CB65B1468}.Release|Any CPU.Build.0 = Release|Any CPU
	EndGlobalSection
	GlobalSection(SolutionProperties) = preSolution
		HideSolutionNode = FALSE
	EndGlobalSection
	GlobalSection(ExtensibilityGlobals) = postSolution
		SolutionGuid = {A094181E-C6E1-41B3-89F3-FCD6F0358762}
	EndGlobalSection
EndGlobal
